
Microsoft Visual Studio Solution File, Format Version 12.00
# Visual Studio Version 16
VisualStudioVersion = 16.0.28922.388
MinimumVisualStudioVersion = 10.0.40219.1
Project("{9A19103F-16F7-4668-BE54-9A1E7A4F7556}") = "QnaMakerVisualization", "QnaMakerVisualization\QnaMakerVisualization.csproj", "{03D8109C-9C5F-4A00-A4D9-B70E403CD4E0}"
EndProject
Global
	GlobalSection(SolutionConfigurationPlatforms) = preSolution
		Debug|Any CPU = Debug|Any CPU
		Release|Any CPU = Release|Any CPU
	EndGlobalSection
	GlobalSection(ProjectConfigurationPlatforms) = postSolution
		{03D8109C-9C5F-4A00-A4D9-B70E403CD4E0}.Debug|Any CPU.ActiveCfg = Debug|Any CPU
		{03D8109C-9C5F-4A00-A4D9-B70E403CD4E0}.Debug|Any CPU.Build.0 = Debug|Any CPU
		{03D8109C-9C5F-4A00-A4D9-B70E403CD4E0}.Release|Any CPU.ActiveCfg = Release|Any CPU
		{03D8109C-9C5F-4A00-A4D9-B70E403CD4E0}.Release|Any CPU.Build.0 = Release|Any CPU
	EndGlobalSection
	GlobalSection(SolutionProperties) = preSolution
		HideSolutionNode = FALSE
	EndGlobalSection
	GlobalSection(ExtensibilityGlobals) = postSolution
		SolutionGuid = {1CA13158-92D1-40C4-A62A-1B4B18D9A178}
	EndGlobalSection
EndGlobal
